// !$*UTF8*$!
{
	archiveVersion = 1;
	classes = {
	};
	objectVersion = 48;
	objects = {

/* Begin PBXBuildFile section */
		1899BBFA204D21910016F0FC /* AppDelegate.swift in Sources */ = {isa = PBXBuildFile; fileRef = 1899BBF9204D21910016F0FC /* AppDelegate.swift */; };
		1899BBFC204D21910016F0FC /* ViewController.swift in Sources */ = {isa = PBXBuildFile; fileRef = 1899BBFB204D21910016F0FC /* ViewController.swift */; };
		1899BBFF204D21910016F0FC /* Main.storyboard in Resources */ = {isa = PBXBuildFile; fileRef = 1899BBFD204D21910016F0FC /* Main.storyboard */; };
		1899BC01204D21910016F0FC /* Assets.xcassets in Resources */ = {isa = PBXBuildFile; fileRef = 1899BC00204D21910016F0FC /* Assets.xcassets */; };
		1899BC04204D21910016F0FC /* LaunchScreen.storyboard in Resources */ = {isa = PBXBuildFile; fileRef = 1899BC02204D21910016F0FC /* LaunchScreen.storyboard */; };
		1899BC0F204D287D0016F0FC /* ButtonStates.swift in Sources */ = {isa = PBXBuildFile; fileRef = 1899BC0E204D287D0016F0FC /* ButtonStates.swift */; };
		1899BC11204D28970016F0FC /* Toggleable.swift in Sources */ = {isa = PBXBuildFile; fileRef = 1899BC10204D28970016F0FC /* Toggleable.swift */; };
/* End PBXBuildFile section */

/* Begin PBXFileReference section */
		1899BBF6204D21910016F0FC /* ProtocolFlashLightOn0ff.app */ = {isa = PBXFileReference; explicitFileType = wrapper.application; includeInIndex = 0; path = ProtocolFlashLightOn0ff.app; sourceTree = BUILT_PRODUCTS_DIR; };
		1899BBF9204D21910016F0FC /* AppDelegate.swift */ = {isa = PBXFileReference; lastKnownFileType = sourcecode.swift; path = AppDelegate.swift; sourceTree = "<group>"; };
		1899BBFB204D21910016F0FC /* ViewController.swift */ = {isa = PBXFileReference; lastKnownFileType = sourcecode.swift; path = ViewController.swift; sourceTree = "<group>"; };
		1899BBFE204D21910016F0FC /* Base */ = {isa = PBXFileReference; lastKnownFileType = file.storyboard; name = Base; path = Base.lproj/Main.storyboard; sourceTree = "<group>"; };
		1899BC00204D21910016F0FC /* Assets.xcassets */ = {isa = PBXFileReference; lastKnownFileType = folder.assetcatalog; path = Assets.xcassets; sourceTree = "<group>"; };
		1899BC03204D21910016F0FC /* Base */ = {isa = PBXFileReference; lastKnownFileType = file.storyboard; name = Base; path = Base.lproj/LaunchScreen.storyboard; sourceTree = "<group>"; };
		1899BC05204D21910016F0FC /* Info.plist */ = {isa = PBXFileReference; lastKnownFileType = text.plist.xml; path = Info.plist; sourceTree = "<group>"; };
		1899BC0E204D287D0016F0FC /* ButtonStates.swift */ = {isa = PBXFileReference; lastKnownFileType = sourcecode.swift; path = ButtonStates.swift; sourceTree = "<group>"; };
		1899BC10204D28970016F0FC /* Toggleable.swift */ = {isa = PBXFileReference; lastKnownFileType = sourcecode.swift; path = Toggleable.swift; sourceTree = "<group>"; };
/* End PBXFileReference section */

/* Begin PBXFrameworksBuildPhase section */
		1899BBF3204D21910016F0FC /* Frameworks */ = {
			isa = PBXFrameworksBuildPhase;
			buildActionMask = 2147483647;
			files = (
			);
			runOnlyForDeploymentPostprocessing = 0;
		};
/* End PBXFrameworksBuildPhase section */

/* Begin PBXGroup section */
		1899BBED204D21900016F0FC = {
			isa = PBXGroup;
			children = (
				1899BBF8204D21910016F0FC /* ProtocolFlashLightOn0ff */,
				1899BBF7204D21910016F0FC /* Products */,
			);
			sourceTree = "<group>";
		};
		1899BBF7204D21910016F0FC /* Products */ = {
			isa = PBXGroup;
			children = (
				1899BBF6204D21910016F0FC /* ProtocolFlashLightOn0ff.app */,
			);
			name = Products;
			sourceTree = "<group>";
		};
		1899BBF8204D21910016F0FC /* ProtocolFlashLightOn0ff */ = {
			isa = PBXGroup;
			children = (
				1899BBF9204D21910016F0FC /* AppDelegate.swift */,
				1899BC0D204D28650016F0FC /* Enum */,
				1899BC0C204D285F0016F0FC /* Protocols */,
				1899BC0B204D28570016F0FC /* Controller */,
				1899BBFB204D21910016F0FC /* ViewController.swift */,
				1899BBFD204D21910016F0FC /* Main.storyboard */,
				1899BC00204D21910016F0FC /* Assets.xcassets */,
				1899BC02204D21910016F0FC /* LaunchScreen.storyboard */,
				1899BC05204D21910016F0FC /* Info.plist */,
			);
			path = ProtocolFlashLightOn0ff;
			sourceTree = "<group>";
		};
		1899BC0B204D28570016F0FC /* Controller */ = {
			isa = PBXGroup;
			children = (
			);
			path = Controller;
			sourceTree = "<group>";
		};
		1899BC0C204D285F0016F0FC /* Protocols */ = {
			isa = PBXGroup;
			children = (
				1899BC10204D28970016F0FC /* Toggleable.swift */,
			);
			path = Protocols;
			sourceTree = "<group>";
		};
		1899BC0D204D28650016F0FC /* Enum */ = {
			isa = PBXGroup;
			children = (
				1899BC0E204D287D0016F0FC /* ButtonStates.swift */,
			);
			path = Enum;
			sourceTree = "<group>";
		};
/* End PBXGroup section */

/* Begin PBXNativeTarget section */
		1899BBF5204D21910016F0FC /* ProtocolFlashLightOn0ff */ = {
			isa = PBXNativeTarget;
			buildConfigurationList = 1899BC08204D21910016F0FC /* Build configuration list for PBXNativeTarget "ProtocolFlashLightOn0ff" */;
			buildPhases = (
				1899BBF2204D21910016F0FC /* Sources */,
				1899BBF3204D21910016F0FC /* Frameworks */,
				1899BBF4204D21910016F0FC /* Resources */,
			);
			buildRules = (
			);
			dependencies = (
			);
			name = ProtocolFlashLightOn0ff;
			productName = ProtocolFlashLightOn0ff;
			productReference = 1899BBF6204D21910016F0FC /* ProtocolFlashLightOn0ff.app */;
			productType = "com.apple.product-type.application";
		};
/* End PBXNativeTarget section */

/* Begin PBXProject section */
		1899BBEE204D21910016F0FC /* Project object */ = {
			isa = PBXProject;
			attributes = {
				LastSwiftUpdateCheck = 0920;
				LastUpgradeCheck = 0920;
				ORGANIZATIONNAME = vicky;
				TargetAttributes = {
					1899BBF5204D21910016F0FC = {
						CreatedOnToolsVersion = 9.2;
						ProvisioningStyle = Automatic;
					};
				};
			};
			buildConfigurationList = 1899BBF1204D21910016F0FC /* Build configuration list for PBXProject "ProtocolFlashLightOn0ff" */;
			compatibilityVersion = "Xcode 8.0";
			developmentRegion = en;
			hasScannedForEncodings = 0;
			knownRegions = (
				en,
				Base,
			);
			mainGroup = 1899BBED204D21900016F0FC;
			productRefGroup = 1899BBF7204D21910016F0FC /* Products */;
			projectDirPath = "";
			projectRoot = "";
			targets = (
				1899BBF5204D21910016F0FC /* ProtocolFlashLightOn0ff */,
			);
		};
/* End PBXProject section */

/* Begin PBXResourcesBuildPhase section */
		1899BBF4204D21910016F0FC /* Resources */ = {
			isa = PBXResourcesBuildPhase;
			buildActionMask = 2147483647;
			files = (
				1899BC04204D21910016F0FC /* LaunchScreen.storyboard in Resources */,
				1899BC01204D21910016F0FC /* Assets.xcassets in Resources */,
				1899BBFF204D21910016F0FC /* Main.storyboard in Resources */,
			);
			runOnlyForDeploymentPostprocessing = 0;
		};
/* End PBXResourcesBuildPhase section */

/* Begin PBXSourcesBuildPhase section */
		1899BBF2204D21910016F0FC /* Sources */ = {
			isa = PBXSourcesBuildPhase;
			buildActionMask = 2147483647;
			files = (
				1899BBFC204D21910016F0FC /* ViewController.swift in Sources */,
				1899BC11204D28970016F0FC /* Toggleable.swift in Sources */,
				1899BBFA204D21910016F0FC /* AppDelegate.swift in Sources */,
				1899BC0F204D287D0016F0FC /* ButtonStates.swift in Sources */,
			);
			runOnlyForDeploymentPostprocessing = 0;
		};
/* End PBXSourcesBuildPhase section */

/* Begin PBXVariantGroup section */
		1899BBFD204D21910016F0FC /* Main.storyboard */ = {
			isa = PBXVariantGroup;
			children = (
				1899BBFE204D21910016F0FC /* Base */,
			);
			name = Main.storyboard;
			sourceTree = "<group>";
		};
		1899BC02204D21910016F0FC /* LaunchScreen.storyboard */ = {
			isa = PBXVariantGroup;
			children = (
				1899BC03204D21910016F0FC /* Base */,
			);
			name = LaunchScreen.storyboard;
			sourceTree = "<group>";
		};
/* End PBXVariantGroup section */

/* Begin XCBuildConfiguration section */
		1899BC06204D21910016F0FC /* Debug */ = {
			isa = XCBuildConfiguration;
			buildSettings = {
				ALWAYS_SEARCH_USER_PATHS = NO;
				CLANG_ANALYZER_NONNULL = YES;
				CLANG_ANALYZER_NUMBER_OBJECT_CONVERSION = YES_AGGRESSIVE;
				CLANG_CXX_LANGUAGE_STANDARD = "gnu++14";
				CLANG_CXX_LIBRARY = "libc++";
				CLANG_ENABLE_MODULES = YES;
				CLANG_ENABLE_OBJC_ARC = YES;
				CLANG_WARN_BLOCK_CAPTURE_AUTORELEASING = YES;
				CLANG_WARN_BOOL_CONVERSION = YES;
				CLANG_WARN_COMMA = YES;
				CLANG_WARN_CONSTANT_CONVERSION = YES;
				CLANG_WARN_DIRECT_OBJC_ISA_USAGE = YES_ERROR;
				CLANG_WARN_DOCUMENTATION_COMMENTS = YES;
				CLANG_WARN_EMPTY_BODY = YES;
				CLANG_WARN_ENUM_CONVERSION = YES;
				CLANG_WARN_INFINITE_RECURSION = YES;
				CLANG_WARN_INT_CONVERSION = YES;
				CLANG_WARN_NON_LITERAL_NULL_CONVERSION = YES;
				CLANG_WARN_OBJC_LITERAL_CONVERSION = YES;
				CLANG_WARN_OBJC_ROOT_CLASS = YES_ERROR;
				CLANG_WARN_RANGE_LOOP_ANALYSIS = YES;
				CLANG_WARN_STRICT_PROTOTYPES = YES;
				CLANG_WARN_SUSPICIOUS_MOVE = YES;
				CLANG_WARN_UNGUARDED_AVAILABILITY = YES_AGGRESSIVE;
				CLANG_WARN_UNREACHABLE_CODE = YES;
				CLANG_WARN__DUPLICATE_METHOD_MATCH = YES;
				CODE_SIGN_IDENTITY = "iPhone Developer";
				COPY_PHASE_STRIP = NO;
				DEBUG_INFORMATION_FORMAT = dwarf;
				ENABLE_STRICT_OBJC_MSGSEND = YES;
				ENABLE_TESTABILITY = YES;
				GCC_C_LANGUAGE_STANDARD = gnu11;
				GCC_DYNAMIC_NO_PIC = NO;
				GCC_NO_COMMON_BLOCKS = YES;
				GCC_OPTIMIZATION_LEVEL = 0;
				GCC_PREPROCESSOR_DEFINITIONS = (
					"DEBUG=1",
					"$(inherited)",
				);
				GCC_WARN_64_TO_32_BIT_CONVERSION = YES;
				GCC_WARN_ABOUT_RETURN_TYPE = YES_ERROR;
				GCC_WARN_UNDECLARED_SELECTOR = YES;
				GCC_WARN_UNINITIALIZED_AUTOS = YES_AGGRESSIVE;
				GCC_WARN_UNUSED_FUNCTION = YES;
				GCC_WARN_UNUSED_VARIABLE = YES;
				IPHONEOS_DEPLOYMENT_TARGET = 11.2;
				MTL_ENABLE_DEBUG_INFO = YES;
				ONLY_ACTIVE_ARCH = YES;
				SDKROOT = iphoneos;
				SWIFT_ACTIVE_COMPILATION_CONDITIONS = DEBUG;
				SWIFT_OPTIMIZATION_LEVEL = "-Onone";
			};
			name = Debug;
		};
		1899BC07204D21910016F0FC /* Release */ = {
			isa = XCBuildConfiguration;
			buildSettings = {
				ALWAYS_SEARCH_USER_PATHS = NO;
				CLANG_ANALYZER_NONNULL = YES;
				CLANG_ANALYZER_NUMBER_OBJECT_CONVERSION = YES_AGGRESSIVE;
				CLANG_CXX_LANGUAGE_STANDARD = "gnu++14";
				CLANG_CXX_LIBRARY = "libc++";
				CLANG_ENABLE_MODULES = YES;
				CLANG_ENABLE_OBJC_ARC = YES;
				CLANG_WARN_BLOCK_CAPTURE_AUTORELEASING = YES;
				CLANG_WARN_BOOL_CONVERSION = YES;
				CLANG_WARN_COMMA = YES;
				CLANG_WARN_CONSTANT_CONVERSION = YES;
				CLANG_WARN_DIRECT_OBJC_ISA_USAGE = YES_ERROR;
				CLANG_WARN_DOCUMENTATION_COMMENTS = YES;
				CLANG_WARN_EMPTY_BODY = YES;
				CLANG_WARN_ENUM_CONVERSION = YES;
				CLANG_WARN_INFINITE_RECURSION = YES;
				CLANG_WARN_INT_CONVERSION = YES;
				CLANG_WARN_NON_LITERAL_NULL_CONVERSION = YES;
				CLANG_WARN_OBJC_LITERAL_CONVERSION = YES;
				CLANG_WARN_OBJC_ROOT_CLASS = YES_ERROR;
				CLANG_WARN_RANGE_LOOP_ANALYSIS = YES;
				CLANG_WARN_STRICT_PROTOTYPES = YES;
				CLANG_WARN_SUSPICIOUS_MOVE = YES;
				CLANG_WARN_UNGUARDED_AVAILABILITY = YES_AGGRESSIVE;
				CLANG_WARN_UNREACHABLE_CODE = YES;
				CLANG_WARN__DUPLICATE_METHOD_MATCH = YES;
				CODE_SIGN_IDENTITY = "iPhone Developer";
				COPY_PHASE_STRIP = NO;
				DEBUG_INFORMATION_FORMAT = "dwarf-with-dsym";
				ENABLE_NS_ASSERTIONS = NO;
				ENABLE_STRICT_OBJC_MSGSEND = YES;
				GCC_C_LANGUAGE_STANDARD = gnu11;
				GCC_NO_COMMON_BLOCKS = YES;
				GCC_WARN_64_TO_32_BIT_CONVERSION = YES;
				GCC_WARN_ABOUT_RETURN_TYPE = YES_ERROR;
				GCC_WARN_UNDECLARED_SELECTOR = YES;
				GCC_WARN_UNINITIALIZED_AUTOS = YES_AGGRESSIVE;
				GCC_WARN_UNUSED_FUNCTION = YES;
				GCC_WARN_UNUSED_VARIABLE = YES;
				IPHONEOS_DEPLOYMENT_TARGET = 11.2;
				MTL_ENABLE_DEBUG_INFO = NO;
				SDKROOT = iphoneos;
				SWIFT_OPTIMIZATION_LEVEL = "-Owholemodule";
				VALIDATE_PRODUCT = YES;
			};
			name = Release;
		};
		1899BC09204D21910016F0FC /* Debug */ = {
			isa = XCBuildConfiguration;
			buildSettings = {
				ASSETCATALOG_COMPILER_APPICON_NAME = AppIcon;
				CODE_SIGN_STYLE = Automatic;
				DEVELOPMENT_TEAM = 5Q83Y4W332;
				INFOPLIST_FILE = ProtocolFlashLightOn0ff/Info.plist;
				LD_RUNPATH_SEARCH_PATHS = "$(inherited) @executable_path/Frameworks";
				PRODUCT_BUNDLE_IDENTIFIER = com.vigneshks.ProtocolFlashLightOn0ff;
				PRODUCT_NAME = "$(TARGET_NAME)";
				SWIFT_VERSION = 4.0;
				TARGETED_DEVICE_FAMILY = "1,2";
			};
			name = Debug;
		};
		1899BC0A204D21910016F0FC /* Release */ = {
			isa = XCBuildConfiguration;
			buildSettings = {
				ASSETCATALOG_COMPILER_APPICON_NAME = AppIcon;
				CODE_SIGN_STYLE = Automatic;
				DEVELOPMENT_TEAM = 5Q83Y4W332;
				INFOPLIST_FILE = ProtocolFlashLightOn0ff/Info.plist;
				LD_RUNPATH_SEARCH_PATHS = "$(inherited) @executable_path/Frameworks";
				PRODUCT_BUNDLE_IDENTIFIER = com.vigneshks.ProtocolFlashLightOn0ff;
				PRODUCT_NAME = "$(TARGET_NAME)";
				SWIFT_VERSION = 4.0;
				TARGETED_DEVICE_FAMILY = "1,2";
			};
			name = Release;
		};
/* End XCBuildConfiguration section */

/* Begin XCConfigurationList section */
		1899BBF1204D21910016F0FC /* Build configuration list for PBXProject "ProtocolFlashLightOn0ff" */ = {
			isa = XCConfigurationList;
			buildConfigurations = (
				1899BC06204D21910016F0FC /* Debug */,
				1899BC07204D21910016F0FC /* Release */,
			);
			defaultConfigurationIsVisible = 0;
			defaultConfigurationName = Release;
		};
		1899BC08204D21910016F0FC /* Build configuration list for PBXNativeTarget "ProtocolFlashLightOn0ff" */ = {
			isa = XCConfigurationList;
			buildConfigurations = (
				1899BC09204D21910016F0FC /* Debug */,
				1899BC0A204D21910016F0FC /* Release */,
			);
			defaultConfigurationIsVisible = 0;
			defaultConfigurationName = Release;
		};
/* End XCConfigurationList section */
	};
	rootObject = 1899BBEE204D21910016F0FC /* Project object */;
}
